// !$*UTF8*$!
{
	archiveVersion = 1;
	classes = {
	};
	objectVersion = 51;
	objects = {

/* Begin PBXBuildFile section */
		4D88D69F4F018EC23B3239D9 /* Pods_E_Market.framework in Frameworks */ = {isa = PBXBuildFile; fileRef = 9E86CDF0DD79C3C8244F8231 /* Pods_E_Market.framework */; };
		9E0BFE96271E03C800E0D1FE /* AddItemViewController.swift in Sources */ = {isa = PBXBuildFile; fileRef = 9E0BFE95271E03C800E0D1FE /* AddItemViewController.swift */; };
		9E0BFED4271ECC6200E0D1FE /* FirebaseStorage.swift in Sources */ = {isa = PBXBuildFile; fileRef = 9E0BFED3271ECC6200E0D1FE /* FirebaseStorage.swift */; };
		9E0BFED8271EDCDE00E0D1FE /* Constant.swift in Sources */ = {isa = PBXBuildFile; fileRef = 9E0BFED7271EDCDE00E0D1FE /* Constant.swift */; };
		9E0BFEDC271EDD0F00E0D1FE /* CategoryCreate.swift in Sources */ = {isa = PBXBuildFile; fileRef = 9E0BFEDB271EDD0F00E0D1FE /* CategoryCreate.swift */; };
		9E0BFEDE271EDD4400E0D1FE /* FirebaseSave.swift in Sources */ = {isa = PBXBuildFile; fileRef = 9E0BFEDD271EDD4400E0D1FE /* FirebaseSave.swift */; };
		9E0BFEE0271EDD7600E0D1FE /* FirebaseGet.swift in Sources */ = {isa = PBXBuildFile; fileRef = 9E0BFEDF271EDD7600E0D1FE /* FirebaseGet.swift */; };
		9E0BFEE3271F5F9800E0D1FE /* UIImage+Resize.swift in Sources */ = {isa = PBXBuildFile; fileRef = 9E0BFEE2271F5F9800E0D1FE /* UIImage+Resize.swift */; };
		9E0BFEE5271F70C100E0D1FE /* HudView.swift in Sources */ = {isa = PBXBuildFile; fileRef = 9E0BFEE4271F70C000E0D1FE /* HudView.swift */; };
		9E7BBDD0270B4C9B00AAB82C /* GoogleService-Info.plist in Resources */ = {isa = PBXBuildFile; fileRef = 9E7BBDCF270B4C9B00AAB82C /* GoogleService-Info.plist */; };
		9E7BBDD3270B50D000AAB82C /* FirebaseReferance.swift in Sources */ = {isa = PBXBuildFile; fileRef = 9E7BBDD2270B50D000AAB82C /* FirebaseReferance.swift */; };
		9E7BBDD6270B5C5600AAB82C /* CategoryCell.swift in Sources */ = {isa = PBXBuildFile; fileRef = 9E7BBDD5270B5C5600AAB82C /* CategoryCell.swift */; };
		9E90BFD7270F82C90040ACF2 /* ItemDetailTableViewController.swift in Sources */ = {isa = PBXBuildFile; fileRef = 9E90BFD6270F82C90040ACF2 /* ItemDetailTableViewController.swift */; };
		9E90BFD9270F85FC0040ACF2 /* Item.swift in Sources */ = {isa = PBXBuildFile; fileRef = 9E90BFD8270F85FC0040ACF2 /* Item.swift */; };
		9E90BFDB270F8A910040ACF2 /* ItemCell.swift in Sources */ = {isa = PBXBuildFile; fileRef = 9E90BFDA270F8A910040ACF2 /* ItemCell.swift */; };
		9EAEC9E0270A0269002C3833 /* AppDelegate.swift in Sources */ = {isa = PBXBuildFile; fileRef = 9EAEC9DF270A0269002C3833 /* AppDelegate.swift */; };
		9EAEC9E2270A0269002C3833 /* SceneDelegate.swift in Sources */ = {isa = PBXBuildFile; fileRef = 9EAEC9E1270A0269002C3833 /* SceneDelegate.swift */; };
		9EAEC9E7270A0269002C3833 /* Main.storyboard in Resources */ = {isa = PBXBuildFile; fileRef = 9EAEC9E5270A0269002C3833 /* Main.storyboard */; };
		9EAEC9EA270A0269002C3833 /* E_Market.xcdatamodeld in Sources */ = {isa = PBXBuildFile; fileRef = 9EAEC9E8270A0269002C3833 /* E_Market.xcdatamodeld */; };
		9EAEC9EC270A026B002C3833 /* Assets.xcassets in Resources */ = {isa = PBXBuildFile; fileRef = 9EAEC9EB270A026B002C3833 /* Assets.xcassets */; };
		9EAEC9EF270A026B002C3833 /* LaunchScreen.storyboard in Resources */ = {isa = PBXBuildFile; fileRef = 9EAEC9ED270A026B002C3833 /* LaunchScreen.storyboard */; };
		9EAEC9FA270A0764002C3833 /* SearchCollectionViewController.swift in Sources */ = {isa = PBXBuildFile; fileRef = 9EAEC9F9270A0764002C3833 /* SearchCollectionViewController.swift */; };
		9EAEC9FC270A1D84002C3833 /* Category.swift in Sources */ = {isa = PBXBuildFile; fileRef = 9EAEC9FB270A1D84002C3833 /* Category.swift */; };
		9EEF70212721635800B7E39A /* SearchItemViewController.swift in Sources */ = {isa = PBXBuildFile; fileRef = 9EEF70202721635800B7E39A /* SearchItemViewController.swift */; };
		9EEF70262721659100B7E39A /* ItemTableViewCell.swift in Sources */ = {isa = PBXBuildFile; fileRef = 9EEF70242721659100B7E39A /* ItemTableViewCell.swift */; };
		9EEF70272721659100B7E39A /* ItemTableViewCell.xib in Resources */ = {isa = PBXBuildFile; fileRef = 9EEF70252721659100B7E39A /* ItemTableViewCell.xib */; };
/* End PBXBuildFile section */

/* Begin PBXFileReference section */
		995C27320C0CC24425241148 /* Pods-E-Market.release.xcconfig */ = {isa = PBXFileReference; includeInIndex = 1; lastKnownFileType = text.xcconfig; name = "Pods-E-Market.release.xcconfig"; path = "Target Support Files/Pods-E-Market/Pods-E-Market.release.xcconfig"; sourceTree = "<group>"; };
		9E0BFE95271E03C800E0D1FE /* AddItemViewController.swift */ = {isa = PBXFileReference; lastKnownFileType = sourcecode.swift; path = AddItemViewController.swift; sourceTree = "<group>"; };
		9E0BFED3271ECC6200E0D1FE /* FirebaseStorage.swift */ = {isa = PBXFileReference; lastKnownFileType = sourcecode.swift; path = FirebaseStorage.swift; sourceTree = "<group>"; };
		9E0BFED7271EDCDE00E0D1FE /* Constant.swift */ = {isa = PBXFileReference; lastKnownFileType = sourcecode.swift; path = Constant.swift; sourceTree = "<group>"; };
		9E0BFEDB271EDD0F00E0D1FE /* CategoryCreate.swift */ = {isa = PBXFileReference; lastKnownFileType = sourcecode.swift; path = CategoryCreate.swift; sourceTree = "<group>"; };
		9E0BFEDD271EDD4400E0D1FE /* FirebaseSave.swift */ = {isa = PBXFileReference; lastKnownFileType = sourcecode.swift; path = FirebaseSave.swift; sourceTree = "<group>"; };
		9E0BFEDF271EDD7600E0D1FE /* FirebaseGet.swift */ = {isa = PBXFileReference; lastKnownFileType = sourcecode.swift; path = FirebaseGet.swift; sourceTree = "<group>"; };
		9E0BFEE2271F5F9800E0D1FE /* UIImage+Resize.swift */ = {isa = PBXFileReference; lastKnownFileType = sourcecode.swift; path = "UIImage+Resize.swift"; sourceTree = "<group>"; };
		9E0BFEE4271F70C000E0D1FE /* HudView.swift */ = {isa = PBXFileReference; lastKnownFileType = sourcecode.swift; path = HudView.swift; sourceTree = "<group>"; };
		9E7BBDCF270B4C9B00AAB82C /* GoogleService-Info.plist */ = {isa = PBXFileReference; fileEncoding = 4; lastKnownFileType = text.plist.xml; name = "GoogleService-Info.plist"; path = "../../../../Downloads/GoogleService-Info.plist"; sourceTree = "<group>"; };
		9E7BBDD2270B50D000AAB82C /* FirebaseReferance.swift */ = {isa = PBXFileReference; lastKnownFileType = sourcecode.swift; path = FirebaseReferance.swift; sourceTree = "<group>"; };
		9E7BBDD5270B5C5600AAB82C /* CategoryCell.swift */ = {isa = PBXFileReference; lastKnownFileType = sourcecode.swift; path = CategoryCell.swift; sourceTree = "<group>"; };
		9E86CDF0DD79C3C8244F8231 /* Pods_E_Market.framework */ = {isa = PBXFileReference; explicitFileType = wrapper.framework; includeInIndex = 0; path = Pods_E_Market.framework; sourceTree = BUILT_PRODUCTS_DIR; };
		9E90BFD6270F82C90040ACF2 /* ItemDetailTableViewController.swift */ = {isa = PBXFileReference; lastKnownFileType = sourcecode.swift; path = ItemDetailTableViewController.swift; sourceTree = "<group>"; };
		9E90BFD8270F85FC0040ACF2 /* Item.swift */ = {isa = PBXFileReference; lastKnownFileType = sourcecode.swift; path = Item.swift; sourceTree = "<group>"; };
		9E90BFDA270F8A910040ACF2 /* ItemCell.swift */ = {isa = PBXFileReference; lastKnownFileType = sourcecode.swift; path = ItemCell.swift; sourceTree = "<group>"; };
		9EAEC9DC270A0269002C3833 /* E-Market.app */ = {isa = PBXFileReference; explicitFileType = wrapper.application; includeInIndex = 0; path = "E-Market.app"; sourceTree = BUILT_PRODUCTS_DIR; };
		9EAEC9DF270A0269002C3833 /* AppDelegate.swift */ = {isa = PBXFileReference; lastKnownFileType = sourcecode.swift; path = AppDelegate.swift; sourceTree = "<group>"; };
		9EAEC9E1270A0269002C3833 /* SceneDelegate.swift */ = {isa = PBXFileReference; lastKnownFileType = sourcecode.swift; path = SceneDelegate.swift; sourceTree = "<group>"; };
		9EAEC9E6270A0269002C3833 /* Base */ = {isa = PBXFileReference; lastKnownFileType = file.storyboard; name = Base; path = Base.lproj/Main.storyboard; sourceTree = "<group>"; };
		9EAEC9E9270A0269002C3833 /* E_Market.xcdatamodel */ = {isa = PBXFileReference; lastKnownFileType = wrapper.xcdatamodel; path = E_Market.xcdatamodel; sourceTree = "<group>"; };
		9EAEC9EB270A026B002C3833 /* Assets.xcassets */ = {isa = PBXFileReference; lastKnownFileType = folder.assetcatalog; path = Assets.xcassets; sourceTree = "<group>"; };
		9EAEC9EE270A026B002C3833 /* Base */ = {isa = PBXFileReference; lastKnownFileType = file.storyboard; name = Base; path = Base.lproj/LaunchScreen.storyboard; sourceTree = "<group>"; };
		9EAEC9F0270A026B002C3833 /* Info.plist */ = {isa = PBXFileReference; lastKnownFileType = text.plist.xml; path = Info.plist; sourceTree = "<group>"; };
		9EAEC9F9270A0764002C3833 /* SearchCollectionViewController.swift */ = {isa = PBXFileReference; lastKnownFileType = sourcecode.swift; path = SearchCollectionViewController.swift; sourceTree = "<group>"; };
		9EAEC9FB270A1D84002C3833 /* Category.swift */ = {isa = PBXFileReference; lastKnownFileType = sourcecode.swift; path = Category.swift; sourceTree = "<group>"; };
		9EEF70202721635800B7E39A /* SearchItemViewController.swift */ = {isa = PBXFileReference; lastKnownFileType = sourcecode.swift; path = SearchItemViewController.swift; sourceTree = "<group>"; };
		9EEF70242721659100B7E39A /* ItemTableViewCell.swift */ = {isa = PBXFileReference; lastKnownFileType = sourcecode.swift; path = ItemTableViewCell.swift; sourceTree = "<group>"; };
		9EEF70252721659100B7E39A /* ItemTableViewCell.xib */ = {isa = PBXFileReference; lastKnownFileType = file.xib; path = ItemTableViewCell.xib; sourceTree = "<group>"; };
		A8438DF5DBF9E690C350BDF7 /* Pods-E-Market.debug.xcconfig */ = {isa = PBXFileReference; includeInIndex = 1; lastKnownFileType = text.xcconfig; name = "Pods-E-Market.debug.xcconfig"; path = "Target Support Files/Pods-E-Market/Pods-E-Market.debug.xcconfig"; sourceTree = "<group>"; };
/* End PBXFileReference section */

/* Begin PBXFrameworksBuildPhase section */
		9EAEC9D9270A0269002C3833 /* Frameworks */ = {
			isa = PBXFrameworksBuildPhase;
			buildActionMask = 2147483647;
			files = (
				4D88D69F4F018EC23B3239D9 /* Pods_E_Market.framework in Frameworks */,
			);
			runOnlyForDeploymentPostprocessing = 0;
		};
/* End PBXFrameworksBuildPhase section */

/* Begin PBXGroup section */
		0237093EA0CB72C4DAB671F7 /* Pods */ = {
			isa = PBXGroup;
			children = (
				A8438DF5DBF9E690C350BDF7 /* Pods-E-Market.debug.xcconfig */,
				995C27320C0CC24425241148 /* Pods-E-Market.release.xcconfig */,
			);
			path = Pods;
			sourceTree = "<group>";
		};
		92A2D55CFE6B91A6A40227CC /* Frameworks */ = {
			isa = PBXGroup;
			children = (
				9E86CDF0DD79C3C8244F8231 /* Pods_E_Market.framework */,
			);
			name = Frameworks;
			sourceTree = "<group>";
		};
		9E0BFED5271EDCC300E0D1FE /* Resources */ = {
			isa = PBXGroup;
			children = (
				9E0BFEE1271F5F8200E0D1FE /* Extension */,
				9E0BFED9271EDCF400E0D1FE /* Firebase */,
				9E0BFED6271EDCCD00E0D1FE /* Constant */,
			);
			path = Resources;
			sourceTree = "<group>";
		};
		9E0BFED6271EDCCD00E0D1FE /* Constant */ = {
			isa = PBXGroup;
			children = (
				9E0BFED7271EDCDE00E0D1FE /* Constant.swift */,
			);
			path = Constant;
			sourceTree = "<group>";
		};
		9E0BFED9271EDCF400E0D1FE /* Firebase */ = {
			isa = PBXGroup;
			children = (
				9E0BFEDA271EDCFD00E0D1FE /* MockDataCreate */,
			);
			path = Firebase;
			sourceTree = "<group>";
		};
		9E0BFEDA271EDCFD00E0D1FE /* MockDataCreate */ = {
			isa = PBXGroup;
			children = (
				9E0BFEDB271EDD0F00E0D1FE /* CategoryCreate.swift */,
			);
			path = MockDataCreate;
			sourceTree = "<group>";
		};
		9E0BFEE1271F5F8200E0D1FE /* Extension */ = {
			isa = PBXGroup;
			children = (
				9E0BFEE2271F5F9800E0D1FE /* UIImage+Resize.swift */,
				9E0BFEE4271F70C000E0D1FE /* HudView.swift */,
			);
			path = Extension;
			sourceTree = "<group>";
		};
		9E7BBDD1270B50C600AAB82C /* Helper */ = {
			isa = PBXGroup;
			children = (
				9E7BBDD2270B50D000AAB82C /* FirebaseReferance.swift */,
				9E0BFED3271ECC6200E0D1FE /* FirebaseStorage.swift */,
				9E0BFEDD271EDD4400E0D1FE /* FirebaseSave.swift */,
				9E0BFEDF271EDD7600E0D1FE /* FirebaseGet.swift */,
			);
			path = Helper;
			sourceTree = "<group>";
		};
		9E7BBDD4270B5C1900AAB82C /* Cell */ = {
			isa = PBXGroup;
			children = (
				9E7BBDD5270B5C5600AAB82C /* CategoryCell.swift */,
				9E90BFDA270F8A910040ACF2 /* ItemCell.swift */,
				9EEF70242721659100B7E39A /* ItemTableViewCell.swift */,
				9EEF70252721659100B7E39A /* ItemTableViewCell.xib */,
			);
			path = Cell;
			sourceTree = "<group>";
		};
		9EAEC9D3270A0269002C3833 = {
			isa = PBXGroup;
			children = (
				9EAEC9DE270A0269002C3833 /* E-Market */,
				9EAEC9DD270A0269002C3833 /* Products */,
				0237093EA0CB72C4DAB671F7 /* Pods */,
				92A2D55CFE6B91A6A40227CC /* Frameworks */,
			);
			sourceTree = "<group>";
		};
		9EAEC9DD270A0269002C3833 /* Products */ = {
			isa = PBXGroup;
			children = (
				9EAEC9DC270A0269002C3833 /* E-Market.app */,
			);
			name = Products;
			sourceTree = "<group>";
		};
		9EAEC9DE270A0269002C3833 /* E-Market */ = {
			isa = PBXGroup;
			children = (
				9E0BFED5271EDCC300E0D1FE /* Resources */,
				9E7BBDD4270B5C1900AAB82C /* Cell */,
				9E7BBDD1270B50C600AAB82C /* Helper */,
				9E7BBDCF270B4C9B00AAB82C /* GoogleService-Info.plist */,
				9EAEC9F8270A02B1002C3833 /* Model */,
				9EAEC9F7270A02AC002C3833 /* Controller */,
				9EAEC9F6270A02A4002C3833 /* View */,
				9EAEC9DF270A0269002C3833 /* AppDelegate.swift */,
				9EAEC9E1270A0269002C3833 /* SceneDelegate.swift */,
				9EAEC9E5270A0269002C3833 /* Main.storyboard */,
				9EAEC9EB270A026B002C3833 /* Assets.xcassets */,
				9EAEC9ED270A026B002C3833 /* LaunchScreen.storyboard */,
				9EAEC9F0270A026B002C3833 /* Info.plist */,
				9EAEC9E8270A0269002C3833 /* E_Market.xcdatamodeld */,
			);
			path = "E-Market";
			sourceTree = "<group>";
		};
		9EAEC9F6270A02A4002C3833 /* View */ = {
			isa = PBXGroup;
			children = (
			);
			path = View;
			sourceTree = "<group>";
		};
		9EAEC9F7270A02AC002C3833 /* Controller */ = {
			isa = PBXGroup;
			children = (
				9EEF701F2721634900B7E39A /* SearchTab */,
				9EEF701E2721633E00B7E39A /* ProductsTab */,
			);
			path = Controller;
			sourceTree = "<group>";
		};
		9EAEC9F8270A02B1002C3833 /* Model */ = {
			isa = PBXGroup;
			children = (
				9EAEC9FB270A1D84002C3833 /* Category.swift */,
				9E90BFD8270F85FC0040ACF2 /* Item.swift */,
			);
			path = Model;
			sourceTree = "<group>";
		};
		9EEF701E2721633E00B7E39A /* ProductsTab */ = {
			isa = PBXGroup;
			children = (
				9EAEC9F9270A0764002C3833 /* SearchCollectionViewController.swift */,
				9E90BFD6270F82C90040ACF2 /* ItemDetailTableViewController.swift */,
				9E0BFE95271E03C800E0D1FE /* AddItemViewController.swift */,
			);
			path = ProductsTab;
			sourceTree = "<group>";
		};
		9EEF701F2721634900B7E39A /* SearchTab */ = {
			isa = PBXGroup;
			children = (
				9EEF70202721635800B7E39A /* SearchItemViewController.swift */,
			);
			path = SearchTab;
			sourceTree = "<group>";
		};
/* End PBXGroup section */

/* Begin PBXNativeTarget section */
		9EAEC9DB270A0269002C3833 /* E-Market */ = {
			isa = PBXNativeTarget;
			buildConfigurationList = 9EAEC9F3270A026B002C3833 /* Build configuration list for PBXNativeTarget "E-Market" */;
			buildPhases = (
				35AD0A50AF434DEE3629A92B /* [CP] Check Pods Manifest.lock */,
				9EAEC9D8270A0269002C3833 /* Sources */,
				9EAEC9D9270A0269002C3833 /* Frameworks */,
				9EAEC9DA270A0269002C3833 /* Resources */,
				7E2CAF09E87ABD9642DF9B49 /* [CP] Embed Pods Frameworks */,
			);
			buildRules = (
			);
			dependencies = (
			);
			name = "E-Market";
			productName = "E-Market";
			productReference = 9EAEC9DC270A0269002C3833 /* E-Market.app */;
			productType = "com.apple.product-type.application";
		};
/* End PBXNativeTarget section */

/* Begin PBXProject section */
		9EAEC9D4270A0269002C3833 /* Project object */ = {
			isa = PBXProject;
			attributes = {
				LastSwiftUpdateCheck = 1250;
				LastUpgradeCheck = 1250;
				TargetAttributes = {
					9EAEC9DB270A0269002C3833 = {
						CreatedOnToolsVersion = 12.5.1;
					};
				};
			};
			buildConfigurationList = 9EAEC9D7270A0269002C3833 /* Build configuration list for PBXProject "E-Market" */;
			compatibilityVersion = "Xcode 9.3";
			developmentRegion = en;
			hasScannedForEncodings = 0;
			knownRegions = (
				en,
				Base,
			);
			mainGroup = 9EAEC9D3270A0269002C3833;
			productRefGroup = 9EAEC9DD270A0269002C3833 /* Products */;
			projectDirPath = "";
			projectRoot = "";
			targets = (
				9EAEC9DB270A0269002C3833 /* E-Market */,
			);
		};
/* End PBXProject section */

/* Begin PBXResourcesBuildPhase section */
		9EAEC9DA270A0269002C3833 /* Resources */ = {
			isa = PBXResourcesBuildPhase;
			buildActionMask = 2147483647;
			files = (
				9EAEC9EF270A026B002C3833 /* LaunchScreen.storyboard in Resources */,
				9E7BBDD0270B4C9B00AAB82C /* GoogleService-Info.plist in Resources */,
				9EAEC9EC270A026B002C3833 /* Assets.xcassets in Resources */,
				9EEF70272721659100B7E39A /* ItemTableViewCell.xib in Resources */,
				9EAEC9E7270A0269002C3833 /* Main.storyboard in Resources */,
			);
			runOnlyForDeploymentPostprocessing = 0;
		};
/* End PBXResourcesBuildPhase section */

/* Begin PBXShellScriptBuildPhase section */
		35AD0A50AF434DEE3629A92B /* [CP] Check Pods Manifest.lock */ = {
			isa = PBXShellScriptBuildPhase;
			buildActionMask = 2147483647;
			files = (
			);
			inputFileListPaths = (
			);
			inputPaths = (
				"${PODS_PODFILE_DIR_PATH}/Podfile.lock",
				"${PODS_ROOT}/Manifest.lock",
			);
			name = "[CP] Check Pods Manifest.lock";
			outputFileListPaths = (
			);
			outputPaths = (
				"$(DERIVED_FILE_DIR)/Pods-E-Market-checkManifestLockResult.txt",
			);
			runOnlyForDeploymentPostprocessing = 0;
			shellPath = /bin/sh;
			shellScript = "diff \"${PODS_PODFILE_DIR_PATH}/Podfile.lock\" \"${PODS_ROOT}/Manifest.lock\" > /dev/null\nif [ $? != 0 ] ; then\n    # print error to STDERR\n    echo \"error: The sandbox is not in sync with the Podfile.lock. Run 'pod install' or update your CocoaPods installation.\" >&2\n    exit 1\nfi\n# This output is used by Xcode 'outputs' to avoid re-running this script phase.\necho \"SUCCESS\" > \"${SCRIPT_OUTPUT_FILE_0}\"\n";
			showEnvVarsInLog = 0;
		};
		7E2CAF09E87ABD9642DF9B49 /* [CP] Embed Pods Frameworks */ = {
			isa = PBXShellScriptBuildPhase;
			buildActionMask = 2147483647;
			files = (
			);
			inputFileListPaths = (
				"${PODS_ROOT}/Target Support Files/Pods-E-Market/Pods-E-Market-frameworks-${CONFIGURATION}-input-files.xcfilelist",
			);
			name = "[CP] Embed Pods Frameworks";
			outputFileListPaths = (
				"${PODS_ROOT}/Target Support Files/Pods-E-Market/Pods-E-Market-frameworks-${CONFIGURATION}-output-files.xcfilelist",
			);
			runOnlyForDeploymentPostprocessing = 0;
			shellPath = /bin/sh;
			shellScript = "\"${PODS_ROOT}/Target Support Files/Pods-E-Market/Pods-E-Market-frameworks.sh\"\n";
			showEnvVarsInLog = 0;
		};
/* End PBXShellScriptBuildPhase section */

/* Begin PBXSourcesBuildPhase section */
		9EAEC9D8270A0269002C3833 /* Sources */ = {
			isa = PBXSourcesBuildPhase;
			buildActionMask = 2147483647;
			files = (
				9E90BFD9270F85FC0040ACF2 /* Item.swift in Sources */,
				9EAEC9FA270A0764002C3833 /* SearchCollectionViewController.swift in Sources */,
				9E0BFEE0271EDD7600E0D1FE /* FirebaseGet.swift in Sources */,
				9E90BFDB270F8A910040ACF2 /* ItemCell.swift in Sources */,
				9EAEC9EA270A0269002C3833 /* E_Market.xcdatamodeld in Sources */,
				9E0BFE96271E03C800E0D1FE /* AddItemViewController.swift in Sources */,
				9EEF70212721635800B7E39A /* SearchItemViewController.swift in Sources */,
				9E7BBDD6270B5C5600AAB82C /* CategoryCell.swift in Sources */,
				9E0BFED8271EDCDE00E0D1FE /* Constant.swift in Sources */,
				9E0BFEE5271F70C100E0D1FE /* HudView.swift in Sources */,
				9E0BFEDC271EDD0F00E0D1FE /* CategoryCreate.swift in Sources */,
				9EAEC9E0270A0269002C3833 /* AppDelegate.swift in Sources */,
				9EEF70262721659100B7E39A /* ItemTableViewCell.swift in Sources */,
				9E90BFD7270F82C90040ACF2 /* ItemDetailTableViewController.swift in Sources */,
				9EAEC9E2270A0269002C3833 /* SceneDelegate.swift in Sources */,
				9EAEC9FC270A1D84002C3833 /* Category.swift in Sources */,
				9E0BFEDE271EDD4400E0D1FE /* FirebaseSave.swift in Sources */,
				9E0BFEE3271F5F9800E0D1FE /* UIImage+Resize.swift in Sources */,
				9E7BBDD3270B50D000AAB82C /* FirebaseReferance.swift in Sources */,
				9E0BFED4271ECC6200E0D1FE /* FirebaseStorage.swift in Sources */,
			);
			runOnlyForDeploymentPostprocessing = 0;
		};
/* End PBXSourcesBuildPhase section */

/* Begin PBXVariantGroup section */
		9EAEC9E5270A0269002C3833 /* Main.storyboard */ = {
			isa = PBXVariantGroup;
			children = (
				9EAEC9E6270A0269002C3833 /* Base */,
			);
			name = Main.storyboard;
			sourceTree = "<group>";
		};
		9EAEC9ED270A026B002C3833 /* LaunchScreen.storyboard */ = {
			isa = PBXVariantGroup;
			children = (
				9EAEC9EE270A026B002C3833 /* Base */,
			);
			name = LaunchScreen.storyboard;
			sourceTree = "<group>";
		};
/* End PBXVariantGroup section */

/* Begin XCBuildConfiguration section */
		9EAEC9F1270A026B002C3833 /* Debug */ = {
			isa = XCBuildConfiguration;
			buildSettings = {
				ALWAYS_SEARCH_USER_PATHS = NO;
				CLANG_ANALYZER_NONNULL = YES;
				CLANG_ANALYZER_NUMBER_OBJECT_CONVERSION = YES_AGGRESSIVE;
				CLANG_CXX_LANGUAGE_STANDARD = "gnu++14";
				CLANG_CXX_LIBRARY = "libc++";
				CLANG_ENABLE_MODULES = YES;
				CLANG_ENABLE_OBJC_ARC = YES;
				CLANG_ENABLE_OBJC_WEAK = YES;
				CLANG_WARN_BLOCK_CAPTURE_AUTORELEASING = YES;
				CLANG_WARN_BOOL_CONVERSION = YES;
				CLANG_WARN_COMMA = YES;
				CLANG_WARN_CONSTANT_CONVERSION = YES;
				CLANG_WARN_DEPRECATED_OBJC_IMPLEMENTATIONS = YES;
				CLANG_WARN_DIRECT_OBJC_ISA_USAGE = YES_ERROR;
				CLANG_WARN_DOCUMENTATION_COMMENTS = YES;
				CLANG_WARN_EMPTY_BODY = YES;
				CLANG_WARN_ENUM_CONVERSION = YES;
				CLANG_WARN_INFINITE_RECURSION = YES;
				CLANG_WARN_INT_CONVERSION = YES;
				CLANG_WARN_NON_LITERAL_NULL_CONVERSION = YES;
				CLANG_WARN_OBJC_IMPLICIT_RETAIN_SELF = YES;
				CLANG_WARN_OBJC_LITERAL_CONVERSION = YES;
				CLANG_WARN_OBJC_ROOT_CLASS = YES_ERROR;
				CLANG_WARN_QUOTED_INCLUDE_IN_FRAMEWORK_HEADER = YES;
				CLANG_WARN_RANGE_LOOP_ANALYSIS = YES;
				CLANG_WARN_STRICT_PROTOTYPES = YES;
				CLANG_WARN_SUSPICIOUS_MOVE = YES;
				CLANG_WARN_UNGUARDED_AVAILABILITY = YES_AGGRESSIVE;
				CLANG_WARN_UNREACHABLE_CODE = YES;
				CLANG_WARN__DUPLICATE_METHOD_MATCH = YES;
				COPY_PHASE_STRIP = NO;
				DEBUG_INFORMATION_FORMAT = dwarf;
				ENABLE_STRICT_OBJC_MSGSEND = YES;
				ENABLE_TESTABILITY = YES;
				GCC_C_LANGUAGE_STANDARD = gnu11;
				GCC_DYNAMIC_NO_PIC = NO;
				GCC_NO_COMMON_BLOCKS = YES;
				GCC_OPTIMIZATION_LEVEL = 0;
				GCC_PREPROCESSOR_DEFINITIONS = (
					"DEBUG=1",
					"$(inherited)",
				);
				GCC_WARN_64_TO_32_BIT_CONVERSION = YES;
				GCC_WARN_ABOUT_RETURN_TYPE = YES_ERROR;
				GCC_WARN_UNDECLARED_SELECTOR = YES;
				GCC_WARN_UNINITIALIZED_AUTOS = YES_AGGRESSIVE;
				GCC_WARN_UNUSED_FUNCTION = YES;
				GCC_WARN_UNUSED_VARIABLE = YES;
				IPHONEOS_DEPLOYMENT_TARGET = 14.5;
				MTL_ENABLE_DEBUG_INFO = INCLUDE_SOURCE;
				MTL_FAST_MATH = YES;
				ONLY_ACTIVE_ARCH = YES;
				SDKROOT = iphoneos;
				SWIFT_ACTIVE_COMPILATION_CONDITIONS = DEBUG;
				SWIFT_OPTIMIZATION_LEVEL = "-Onone";
			};
			name = Debug;
		};
		9EAEC9F2270A026B002C3833 /* Release */ = {
			isa = XCBuildConfiguration;
			buildSettings = {
				ALWAYS_SEARCH_USER_PATHS = NO;
				CLANG_ANALYZER_NONNULL = YES;
				CLANG_ANALYZER_NUMBER_OBJECT_CONVERSION = YES_AGGRESSIVE;
				CLANG_CXX_LANGUAGE_STANDARD = "gnu++14";
				CLANG_CXX_LIBRARY = "libc++";
				CLANG_ENABLE_MODULES = YES;
				CLANG_ENABLE_OBJC_ARC = YES;
				CLANG_ENABLE_OBJC_WEAK = YES;
				CLANG_WARN_BLOCK_CAPTURE_AUTORELEASING = YES;
				CLANG_WARN_BOOL_CONVERSION = YES;
				CLANG_WARN_COMMA = YES;
				CLANG_WARN_CONSTANT_CONVERSION = YES;
				CLANG_WARN_DEPRECATED_OBJC_IMPLEMENTATIONS = YES;
				CLANG_WARN_DIRECT_OBJC_ISA_USAGE = YES_ERROR;
				CLANG_WARN_DOCUMENTATION_COMMENTS = YES;
				CLANG_WARN_EMPTY_BODY = YES;
				CLANG_WARN_ENUM_CONVERSION = YES;
				CLANG_WARN_INFINITE_RECURSION = YES;
				CLANG_WARN_INT_CONVERSION = YES;
				CLANG_WARN_NON_LITERAL_NULL_CONVERSION = YES;
				CLANG_WARN_OBJC_IMPLICIT_RETAIN_SELF = YES;
				CLANG_WARN_OBJC_LITERAL_CONVERSION = YES;
				CLANG_WARN_OBJC_ROOT_CLASS = YES_ERROR;
				CLANG_WARN_QUOTED_INCLUDE_IN_FRAMEWORK_HEADER = YES;
				CLANG_WARN_RANGE_LOOP_ANALYSIS = YES;
				CLANG_WARN_STRICT_PROTOTYPES = YES;
				CLANG_WARN_SUSPICIOUS_MOVE = YES;
				CLANG_WARN_UNGUARDED_AVAILABILITY = YES_AGGRESSIVE;
				CLANG_WARN_UNREACHABLE_CODE = YES;
				CLANG_WARN__DUPLICATE_METHOD_MATCH = YES;
				COPY_PHASE_STRIP = NO;
				DEBUG_INFORMATION_FORMAT = "dwarf-with-dsym";
				ENABLE_NS_ASSERTIONS = NO;
				ENABLE_STRICT_OBJC_MSGSEND = YES;
				GCC_C_LANGUAGE_STANDARD = gnu11;
				GCC_NO_COMMON_BLOCKS = YES;
				GCC_WARN_64_TO_32_BIT_CONVERSION = YES;
				GCC_WARN_ABOUT_RETURN_TYPE = YES_ERROR;
				GCC_WARN_UNDECLARED_SELECTOR = YES;
				GCC_WARN_UNINITIALIZED_AUTOS = YES_AGGRESSIVE;
				GCC_WARN_UNUSED_FUNCTION = YES;
				GCC_WARN_UNUSED_VARIABLE = YES;
				IPHONEOS_DEPLOYMENT_TARGET = 14.5;
				MTL_ENABLE_DEBUG_INFO = NO;
				MTL_FAST_MATH = YES;
				SDKROOT = iphoneos;
				SWIFT_COMPILATION_MODE = wholemodule;
				SWIFT_OPTIMIZATION_LEVEL = "-O";
				VALIDATE_PRODUCT = YES;
			};
			name = Release;
		};
		9EAEC9F4270A026B002C3833 /* Debug */ = {
			isa = XCBuildConfiguration;
			baseConfigurationReference = A8438DF5DBF9E690C350BDF7 /* Pods-E-Market.debug.xcconfig */;
			buildSettings = {
				ASSETCATALOG_COMPILER_APPICON_NAME = AppIcon;
				ASSETCATALOG_COMPILER_GLOBAL_ACCENT_COLOR_NAME = AccentColor;
				CODE_SIGN_STYLE = Automatic;
				DEVELOPMENT_TEAM = LRQ65F65GJ;
				INFOPLIST_FILE = "E-Market/Info.plist";
				LD_RUNPATH_SEARCH_PATHS = (
					"$(inherited)",
					"@executable_path/Frameworks",
				);
				PRODUCT_BUNDLE_IDENTIFIER = "DAG.E-Market";
				PRODUCT_NAME = "$(TARGET_NAME)";
				SWIFT_VERSION = 5.0;
				TARGETED_DEVICE_FAMILY = "1,2";
			};
			name = Debug;
		};
		9EAEC9F5270A026B002C3833 /* Release */ = {
			isa = XCBuildConfiguration;
			baseConfigurationReference = 995C27320C0CC24425241148 /* Pods-E-Market.release.xcconfig */;
			buildSettings = {
				ASSETCATALOG_COMPILER_APPICON_NAME = AppIcon;
				ASSETCATALOG_COMPILER_GLOBAL_ACCENT_COLOR_NAME = AccentColor;
				CODE_SIGN_STYLE = Automatic;
				DEVELOPMENT_TEAM = LRQ65F65GJ;
				INFOPLIST_FILE = "E-Market/Info.plist";
				LD_RUNPATH_SEARCH_PATHS = (
					"$(inherited)",
					"@executable_path/Frameworks",
				);
				PRODUCT_BUNDLE_IDENTIFIER = "DAG.E-Market";
				PRODUCT_NAME = "$(TARGET_NAME)";
				SWIFT_VERSION = 5.0;
				TARGETED_DEVICE_FAMILY = "1,2";
			};
			name = Release;
		};
/* End XCBuildConfiguration section */

/* Begin XCConfigurationList section */
		9EAEC9D7270A0269002C3833 /* Build configuration list for PBXProject "E-Market" */ = {
			isa = XCConfigurationList;
			buildConfigurations = (
				9EAEC9F1270A026B002C3833 /* Debug */,
				9EAEC9F2270A026B002C3833 /* Release */,
			);
			defaultConfigurationIsVisible = 0;
			defaultConfigurationName = Release;
		};
		9EAEC9F3270A026B002C3833 /* Build configuration list for PBXNativeTarget "E-Market" */ = {
			isa = XCConfigurationList;
			buildConfigurations = (
				9EAEC9F4270A026B002C3833 /* Debug */,
				9EAEC9F5270A026B002C3833 /* Release */,
			);
			defaultConfigurationIsVisible = 0;
			defaultConfigurationName = Release;
		};
/* End XCConfigurationList section */

/* Begin XCVersionGroup section */
		9EAEC9E8270A0269002C3833 /* E_Market.xcdatamodeld */ = {
			isa = XCVersionGroup;
			children = (
				9EAEC9E9270A0269002C3833 /* E_Market.xcdatamodel */,
			);
			currentVersion = 9EAEC9E9270A0269002C3833 /* E_Market.xcdatamodel */;
			path = E_Market.xcdatamodeld;
			sourceTree = "<group>";
			versionGroupType = wrapper.xcdatamodel;
		};
/* End XCVersionGroup section */
	};
	rootObject = 9EAEC9D4270A0269002C3833 /* Project object */;
}
